{
  "name": "xstatic-winbox",
  "lockfileVersion": 2,
  "requires": true,
  "packages": {
    "": {
      "dependencies": {
        "winbox": "^0.2.6"
      }
    },
    "node_modules/winbox": {
      "version": "0.2.6",
      "resolved": "https://registry.npmjs.org/winbox/-/winbox-0.2.6.tgz",
      "integrity": "sha512-P/Tqjcf4bA0Hr1lqR1YliQsisV8xf+t56xgCtqWN8Urw9RLonYSVQGYw+qILp9tgkPs1o7e1dsl6dskaS6GudQ=="
    }
  },
  "dependencies": {
    "winbox": {
      "version": "0.2.6",
      "resolved": "https://registry.npmjs.org/winbox/-/winbox-0.2.6.tgz",
      "integrity": "sha512-P/Tqjcf4bA0Hr1lqR1YliQsisV8xf+t56xgCtqWN8Urw9RLonYSVQGYw+qILp9tgkPs1o7e1dsl6dskaS6GudQ=="
    }
  }
}
