{
  "nodes": {
    "nixpkgs": {
      "locked": {
        "lastModified": 1711196146,
        "narHash": "sha256-SDB2EjSDfHzg4vbsoTOf8vGydJJfjNRHIQgkjVI1XMM=",
        "owner": "NixOS",
        "repo": "nixpkgs",
        "rev": "b79cc961fe98b158ea051ae3c71616872ffe8212",
        "type": "github"
      },
      "original": {
        "owner": "NixOS",
        "repo": "nixpkgs",
        "rev": "b79cc961fe98b158ea051ae3c71616872ffe8212",
        "type": "github"
      }
    },
    "root": {
      "inputs": {
        "nixpkgs": "nixpkgs"
      }
    }
  },
  "root": "root",
  "version": 7
}
