{
  "nodes": {
    "nixpkgs": {
      "locked": {
        "lastModified": 1659891956,
        "narHash": "sha256-ymyDKkXQs5Z9+ezMutHmnDqztYmDTFZEsFuaPeBzkMI=",
        "owner": "NixOS",
        "repo": "nixpkgs",
        "rev": "00d73d5385b63e868bd11282fb775f6fe4921fb5",
        "type": "github"
      },
      "original": {
        "owner": "NixOS",
        "repo": "nixpkgs",
        "rev": "00d73d5385b63e868bd11282fb775f6fe4921fb5",
        "type": "github"
      }
    },
    "root": {
      "inputs": {
        "nixpkgs": "nixpkgs"
      }
    }
  },
  "root": "root",
  "version": 7
}
