{
  "name": "xstatic-quill-cursors",
  "lockfileVersion": 3,
  "requires": true,
  "packages": {
    "": {
      "dependencies": {
        "quill-cursors": "*"
      }
    },
    "node_modules/quill-cursors": {
      "version": "4.0.3",
      "resolved": "https://registry.npmjs.org/quill-cursors/-/quill-cursors-4.0.3.tgz",
      "integrity": "sha512-CXJ0eCCiZVwUWWASI9paXFTeVdVVBXdd/S+MC2j9lMIQB9V8dhWq4mPU2M5THSg1gSEM6R1z9YFiNMuu4zOq0A=="
    }
  }
}
